
Microsoft Visual Studio Solution File, Format Version 12.00
# Visual Studio Version 17
VisualStudioVersion = 17.14.36518.9 d17.14
MinimumVisualStudioVersion = 10.0.40219.1
Project("{FAE04EC0-301F-11D3-BF4B-00C04F79EFBC}") = "23011556-018", "23011556-018.csproj", "{B71C8F6B-2333-4E09-AFFB-9CF7CF51CAF9}"
EndProject
Global
	GlobalSection(SolutionConfigurationPlatforms) = preSolution
		Debug|Any CPU = Debug|Any CPU
		Release|Any CPU = Release|Any CPU
	EndGlobalSection
	GlobalSection(ProjectConfigurationPlatforms) = postSolution
		{B71C8F6B-2333-4E09-AFFB-9CF7CF51CAF9}.Debug|Any CPU.ActiveCfg = Debug|Any CPU
		{B71C8F6B-2333-4E09-AFFB-9CF7CF51CAF9}.Debug|Any CPU.Build.0 = Debug|Any CPU
		{B71C8F6B-2333-4E09-AFFB-9CF7CF51CAF9}.Release|Any CPU.ActiveCfg = Release|Any CPU
		{B71C8F6B-2333-4E09-AFFB-9CF7CF51CAF9}.Release|Any CPU.Build.0 = Release|Any CPU
	EndGlobalSection
	GlobalSection(SolutionProperties) = preSolution
		HideSolutionNode = FALSE
	EndGlobalSection
	GlobalSection(ExtensibilityGlobals) = postSolution
		SolutionGuid = {6CD87E24-570F-4DE5-AAEE-5A01BEB156F8}
	EndGlobalSection
EndGlobal
